
Microsoft Visual Studio Solution File, Format Version 12.00
# Visual Studio Version 17
VisualStudioVersion = 17.6.33712.159
MinimumVisualStudioVersion = 10.0.40219.1
Project("{FAE04EC0-301F-11D3-BF4B-00C04F79EFBC}") = "DVLD", "DVLD.csproj", "{341328E4-278C-4927-A566-EF60AB5773A1}"
EndProject
Project("{FAE04EC0-301F-11D3-BF4B-00C04F79EFBC}") = "DVLD_DataAccess", "..\ClassLibrary1\DVLD_DataAccess.csproj", "{733018B6-911C-4BFA-BDCC-97E76E00CE69}"
EndProject
Project("{FAE04EC0-301F-11D3-BF4B-00C04F79EFBC}") = "DVLD_Business", "..\DVLD_Business\DVLD_Business.csproj", "{C623DC92-13F6-4187-8393-FC93AE60DEE9}"
EndProject
Global
	GlobalSection(SolutionConfigurationPlatforms) = preSolution
		Debug|Any CPU = Debug|Any CPU
		Release|Any CPU = Release|Any CPU
	EndGlobalSection
	GlobalSection(ProjectConfigurationPlatforms) = postSolution
		{341328E4-278C-4927-A566-EF60AB5773A1}.Debug|Any CPU.ActiveCfg = Debug|Any CPU
		{341328E4-278C-4927-A566-EF60AB5773A1}.Debug|Any CPU.Build.0 = Debug|Any CPU
		{341328E4-278C-4927-A566-EF60AB5773A1}.Release|Any CPU.ActiveCfg = Release|Any CPU
		{341328E4-278C-4927-A566-EF60AB5773A1}.Release|Any CPU.Build.0 = Release|Any CPU
		{733018B6-911C-4BFA-BDCC-97E76E00CE69}.Debug|Any CPU.ActiveCfg = Debug|Any CPU
		{733018B6-911C-4BFA-BDCC-97E76E00CE69}.Debug|Any CPU.Build.0 = Debug|Any CPU
		{733018B6-911C-4BFA-BDCC-97E76E00CE69}.Release|Any CPU.ActiveCfg = Release|Any CPU
		{733018B6-911C-4BFA-BDCC-97E76E00CE69}.Release|Any CPU.Build.0 = Release|Any CPU
		{C623DC92-13F6-4187-8393-FC93AE60DEE9}.Debug|Any CPU.ActiveCfg = Debug|Any CPU
		{C623DC92-13F6-4187-8393-FC93AE60DEE9}.Debug|Any CPU.Build.0 = Debug|Any CPU
		{C623DC92-13F6-4187-8393-FC93AE60DEE9}.Release|Any CPU.ActiveCfg = Release|Any CPU
		{C623DC92-13F6-4187-8393-FC93AE60DEE9}.Release|Any CPU.Build.0 = Release|Any CPU
	EndGlobalSection
	GlobalSection(SolutionProperties) = preSolution
		HideSolutionNode = FALSE
	EndGlobalSection
	GlobalSection(ExtensibilityGlobals) = postSolution
		SolutionGuid = {09B73882-F3C9-41A9-8D9C-E3C797CAE11F}
	EndGlobalSection
EndGlobal
